
Microsoft Visual Studio Solution File, Format Version 12.00
# Visual Studio Version 16
VisualStudioVersion = 16.0.31025.194
MinimumVisualStudioVersion = 10.0.40219.1
Project("{FAE04EC0-301F-11D3-BF4B-00C04F79EFBC}") = "Tutoring2", "Tutoring2\Tutoring2.csproj", "{A604E68D-4112-454E-807C-78297FDEF796}"
EndProject
Global
	GlobalSection(SolutionConfigurationPlatforms) = preSolution
		Debug|Any CPU = Debug|Any CPU
		Release|Any CPU = Release|Any CPU
	EndGlobalSection
	GlobalSection(ProjectConfigurationPlatforms) = postSolution
		{A604E68D-4112-454E-807C-78297FDEF796}.Debug|Any CPU.ActiveCfg = Debug|Any CPU
		{A604E68D-4112-454E-807C-78297FDEF796}.Debug|Any CPU.Build.0 = Debug|Any CPU
		{A604E68D-4112-454E-807C-78297FDEF796}.Release|Any CPU.ActiveCfg = Release|Any CPU
		{A604E68D-4112-454E-807C-78297FDEF796}.Release|Any CPU.Build.0 = Release|Any CPU
	EndGlobalSection
	GlobalSection(SolutionProperties) = preSolution
		HideSolutionNode = FALSE
	EndGlobalSection
	GlobalSection(ExtensibilityGlobals) = postSolution
		SolutionGuid = {8755FE19-0AEB-4D12-A533-705796351A95}
	EndGlobalSection
EndGlobal
