
Microsoft Visual Studio Solution File, Format Version 12.00
# Visual Studio Version 16
VisualStudioVersion = 16.0.31025.194
MinimumVisualStudioVersion = 10.0.40219.1
Project("{FAE04EC0-301F-11D3-BF4B-00C04F79EFBC}") = "Tutoring3", "Tutoring3\Tutoring3.csproj", "{A6CFE514-9DDE-431B-966F-535A1F8F7D9A}"
EndProject
Global
	GlobalSection(SolutionConfigurationPlatforms) = preSolution
		Debug|Any CPU = Debug|Any CPU
		Release|Any CPU = Release|Any CPU
	EndGlobalSection
	GlobalSection(ProjectConfigurationPlatforms) = postSolution
		{A6CFE514-9DDE-431B-966F-535A1F8F7D9A}.Debug|Any CPU.ActiveCfg = Debug|Any CPU
		{A6CFE514-9DDE-431B-966F-535A1F8F7D9A}.Debug|Any CPU.Build.0 = Debug|Any CPU
		{A6CFE514-9DDE-431B-966F-535A1F8F7D9A}.Release|Any CPU.ActiveCfg = Release|Any CPU
		{A6CFE514-9DDE-431B-966F-535A1F8F7D9A}.Release|Any CPU.Build.0 = Release|Any CPU
	EndGlobalSection
	GlobalSection(SolutionProperties) = preSolution
		HideSolutionNode = FALSE
	EndGlobalSection
	GlobalSection(ExtensibilityGlobals) = postSolution
		SolutionGuid = {53FD1B56-89EB-4BFC-9DE4-6DA5D3FEE1F0}
	EndGlobalSection
EndGlobal
